
Microsoft Visual Studio Solution File, Format Version 12.00
# Visual Studio Version 17
VisualStudioVersion = 17.5.2.0
MinimumVisualStudioVersion = 10.0.40219.1
Project("{2150E333-8FDC-42A3-9474-1A3956D46DE8}") = "finance-project", "finance-project", "{A76AD824-674C-270A-CAFB-F17D7BA3F8FA}"
EndProject
Project("{FAE04EC0-301F-11D3-BF4B-00C04F79EFBC}") = "FinancePlannerAPI", "finance-project\FinancePlannerAPI\FinancePlannerAPI.csproj", "{65A1B9CD-AF41-428F-A4CC-49366CF30A15}"
EndProject
Global
	GlobalSection(SolutionConfigurationPlatforms) = preSolution
		Debug|Any CPU = Debug|Any CPU
		Debug|x64 = Debug|x64
		Debug|x86 = Debug|x86
		Release|Any CPU = Release|Any CPU
		Release|x64 = Release|x64
		Release|x86 = Release|x86
	EndGlobalSection
	GlobalSection(ProjectConfigurationPlatforms) = postSolution
		{65A1B9CD-AF41-428F-A4CC-49366CF30A15}.Debug|Any CPU.ActiveCfg = Debug|Any CPU
		{65A1B9CD-AF41-428F-A4CC-49366CF30A15}.Debug|Any CPU.Build.0 = Debug|Any CPU
		{65A1B9CD-AF41-428F-A4CC-49366CF30A15}.Debug|x64.ActiveCfg = Debug|Any CPU
		{65A1B9CD-AF41-428F-A4CC-49366CF30A15}.Debug|x64.Build.0 = Debug|Any CPU
		{65A1B9CD-AF41-428F-A4CC-49366CF30A15}.Debug|x86.ActiveCfg = Debug|Any CPU
		{65A1B9CD-AF41-428F-A4CC-49366CF30A15}.Debug|x86.Build.0 = Debug|Any CPU
		{65A1B9CD-AF41-428F-A4CC-49366CF30A15}.Release|Any CPU.ActiveCfg = Release|Any CPU
		{65A1B9CD-AF41-428F-A4CC-49366CF30A15}.Release|Any CPU.Build.0 = Release|Any CPU
		{65A1B9CD-AF41-428F-A4CC-49366CF30A15}.Release|x64.ActiveCfg = Release|Any CPU
		{65A1B9CD-AF41-428F-A4CC-49366CF30A15}.Release|x64.Build.0 = Release|Any CPU
		{65A1B9CD-AF41-428F-A4CC-49366CF30A15}.Release|x86.ActiveCfg = Release|Any CPU
		{65A1B9CD-AF41-428F-A4CC-49366CF30A15}.Release|x86.Build.0 = Release|Any CPU
	EndGlobalSection
	GlobalSection(SolutionProperties) = preSolution
		HideSolutionNode = FALSE
	EndGlobalSection
	GlobalSection(NestedProjects) = preSolution
		{65A1B9CD-AF41-428F-A4CC-49366CF30A15} = {A76AD824-674C-270A-CAFB-F17D7BA3F8FA}
	EndGlobalSection
	GlobalSection(ExtensibilityGlobals) = postSolution
		SolutionGuid = {DB7B4583-6A84-4751-AC1B-D32DC6081FC0}
	EndGlobalSection
EndGlobal
